<Solution>
  <Folder Name="/支撑框架/">
    <Project Path="../Silmoon.AI/Silmoon.AI/Silmoon.AI.csproj" />
    <Project Path="../Silmoon.Data/Silmoon.Data.LiteDB/Silmoon.Data.LiteDB.csproj" />
    <Project Path="../Silmoon.Data/Silmoon.Data/Silmoon.Data.csproj" />
    <Project Path="../Silmoon.Maui/Silmoon.Maui/Silmoon.Maui.csproj" />
    <Project Path="../Silmoon.Windows/Silmoon.Windows.WinUI3/Silmoon.Windows.WinUI3.csproj" />
  </Folder>
  <Folder Name="/测试项目/">
    <Project Path="Silmoon.Intelligence.ConsoleTesting/Silmoon.Intelligence.ConsoleTesting.csproj" Id="460482ca-55fd-44f1-bc2f-33f5a93211db" />
    <Project Path="Silmoon.Intelligence.WinFormTesting/Silmoon.Intelligence.WinFormTesting.csproj" Id="d7b88469-df02-4834-b416-00f13e12eba9" />
  </Folder>
  <Folder Name="/解决方案项/">
    <File Path=".gitattributes" />
    <File Path=".gitignore" />
    <File Path="LICENSE.txt" />
    <File Path="logo.png" />
    <File Path="README.md" />
  </Folder>
  <Project Path="Silmoon.Intelligence.Hosting/Silmoon.Intelligence.Hosting.csproj" Id="99f618dc-0b84-4e21-8333-34d0e2fe9e2a" />
  <Project Path="Silmoon.Intelligence.MauiClient/Silmoon.Intelligence.MauiClient.csproj" Id="72e5fbb7-6c30-4325-abaa-6e3305ddea67">
    <Deploy Solution="Debug|*" />
  </Project>
  <Project Path="Silmoon.Intelligence.Tools/Silmoon.Intelligence.Tools.csproj" Id="37f3e0f0-8f1f-42d9-92fb-cd1ecb3c7464" />
  <Project Path="Silmoon.Intelligence.WinUIClient/Silmoon.Intelligence.WinUIClient.csproj">
    <Platform Project="x64" />
  </Project>
  <Project Path="Silmoon.Intelligence/Silmoon.Intelligence.csproj" />
</Solution>
